{
  "name": "decent-core-feed",
  "version": "0.0.0",
  "lockfileVersion": 1,
  "requires": true,
  "dependencies": {
    "feed": {
      "version": "2.0.1",
      "resolved": "https://registry.npmjs.org/feed/-/feed-2.0.1.tgz",
      "integrity": "sha512-jS2hXUdEqxHCsH2++xOx8EHG9OsdJHwUDyi/OBr8B+hRwsfd1MlIi38GB/fx/1Hns8hEB5QCH/MYx1VR3YX/GA==",
      "requires": {
        "luxon": "^1.3.3",
        "xml": "^1.0.1"
      }
    },
    "luxon": {
      "version": "1.4.4",
      "resolved": "https://registry.npmjs.org/luxon/-/luxon-1.4.4.tgz",
      "integrity": "sha512-M21p8nbKZRLqVnQ0XAhhCo+2Z3Z6+zm9tuogDMZ2vlkFkw8AREF+d5/abn8tz1/ycu4cemNlqcQcc7HqjhrpTw=="
    },
    "xml": {
      "version": "1.0.1",
      "resolved": "https://registry.npmjs.org/xml/-/xml-1.0.1.tgz",
      "integrity": "sha1-eLpyAgApxbyHuKgaPPzXS0ovweU="
    }
  }
}
